# This file is automatically @generated by Poetry 2.5.1 and should not be changed by hand.

[[package]]
name = "humanize"
version = "4.16.0"
description = "Python humanize utilities"
optional = false
python-versions = ">=3.10"
groups = ["main"]
files = [
    {file = "humanize-4.16.0-py3-none-any.whl", hash = "sha256:353eb2f34c09d098b2880eee8bef21832eae6d174f48c5762fff7e5fcb74d01d"},
    {file = "humanize-4.16.0.tar.gz", hash = "sha256:7dc2244a2f84a4bfb1d36c37bac80cd78e35cdc5c119206d87b018e1445f3a3f"},
]

[package.extras]
tests = ["freezegun", "pytest (>=9)", "pytest-benchmark", "pytest-codspeed", "pytest-cov"]

[metadata]
lock-version = "2.1"
python-versions = ">=3.10"
content-hash = "a66a5926274d08f0ab5b6c2e9ac29d59ae3b151c196f85efd2b739919f8e0b56"
